// !$*UTF8*$!
{
	archiveVersion = 1;
	classes = {
	};
	objectVersion = 77;
	objects = {

/* Begin PBXBuildFile section */
		D276A1272E49A6680059A008 /* Factory in Frameworks */ = {isa = PBXBuildFile; productRef = D276A1262E49A6680059A008 /* Factory */; };
		D276A1292E49A6680059A008 /* FactoryKit in Frameworks */ = {isa = PBXBuildFile; productRef = D276A1282E49A6680059A008 /* FactoryKit */; };
		D276A12B2E49A6680059A008 /* FactoryTesting in Frameworks */ = {isa = PBXBuildFile; productRef = D276A12A2E49A6680059A008 /* FactoryTesting */; };
		D29BC38C2EE6B58F003B02D3 /* Kingfisher in Frameworks */ = {isa = PBXBuildFile; productRef = D29BC38B2EE6B58F003B02D3 /* Kingfisher */; };
		D29BC3922EE7C8DA003B02D3 /* YouTubeiOSPlayerHelper in Frameworks */ = {isa = PBXBuildFile; productRef = D29BC3912EE7C8DA003B02D3 /* YouTubeiOSPlayerHelper */; };
/* End PBXBuildFile section */

/* Begin PBXContainerItemProxy section */
		D25DF4E02E28EBB4004E7DE0 /* PBXContainerItemProxy */ = {
			isa = PBXContainerItemProxy;
			containerPortal = D25DF4CA2E28EBB3004E7DE0 /* Project object */;
			proxyType = 1;
			remoteGlobalIDString = D25DF4D12E28EBB3004E7DE0;
			remoteInfo = MovieFinder;
		};
		D25DF4EA2E28EBB4004E7DE0 /* PBXContainerItemProxy */ = {
			isa = PBXContainerItemProxy;
			containerPortal = D25DF4CA2E28EBB3004E7DE0 /* Project object */;
			proxyType = 1;
			remoteGlobalIDString = D25DF4D12E28EBB3004E7DE0;
			remoteInfo = MovieFinder;
		};
/* End PBXContainerItemProxy section */

/* Begin PBXFileReference section */
		D25DF4D22E28EBB3004E7DE0 /* MovieFinder.app */ = {isa = PBXFileReference; explicitFileType = wrapper.application; includeInIndex = 0; path = MovieFinder.app; sourceTree = BUILT_PRODUCTS_DIR; };
		D25DF4DF2E28EBB4004E7DE0 /* MovieFinderTests.xctest */ = {isa = PBXFileReference; explicitFileType = wrapper.cfbundle; includeInIndex = 0; path = MovieFinderTests.xctest; sourceTree = BUILT_PRODUCTS_DIR; };
		D25DF4E92E28EBB4004E7DE0 /* MovieFinderUITests.xctest */ = {isa = PBXFileReference; explicitFileType = wrapper.cfbundle; includeInIndex = 0; path = MovieFinderUITests.xctest; sourceTree = BUILT_PRODUCTS_DIR; };
/* End PBXFileReference section */

/* Begin PBXFileSystemSynchronizedBuildFileExceptionSet section */
		D2F439522E362F9700D2D3C9 /* Exceptions for "MovieFinder" folder in "MovieFinder" target */ = {
			isa = PBXFileSystemSynchronizedBuildFileExceptionSet;
			membershipExceptions = (
				Info.plist,
			);
			target = D25DF4D12E28EBB3004E7DE0 /* MovieFinder */;
		};
/* End PBXFileSystemSynchronizedBuildFileExceptionSet section */

/* Begin PBXFileSystemSynchronizedRootGroup section */
		D25DF4D42E28EBB3004E7DE0 /* MovieFinder */ = {
			isa = PBXFileSystemSynchronizedRootGroup;
			exceptions = (
				D2F439522E362F9700D2D3C9 /* Exceptions for "MovieFinder" folder in "MovieFinder" target */,
			);
			path = MovieFinder;
			sourceTree = "<group>";
		};
		D25DF4E22E28EBB4004E7DE0 /* MovieFinderTests */ = {
			isa = PBXFileSystemSynchronizedRootGroup;
			path = MovieFinderTests;
			sourceTree = "<group>";
		};
		D25DF4EC2E28EBB4004E7DE0 /* MovieFinderUITests */ = {
			isa = PBXFileSystemSynchronizedRootGroup;
			path = MovieFinderUITests;
			sourceTree = "<group>";
		};
/* End PBXFileSystemSynchronizedRootGroup section */

/* Begin PBXFrameworksBuildPhase section */
		D25DF4CF2E28EBB3004E7DE0 /* Frameworks */ = {
			isa = PBXFrameworksBuildPhase;
			buildActionMask = 2147483647;
			files = (
				D29BC38C2EE6B58F003B02D3 /* Kingfisher in Frameworks */,
				D276A1292E49A6680059A008 /* FactoryKit in Frameworks */,
				D276A1272E49A6680059A008 /* Factory in Frameworks */,
				D29BC3922EE7C8DA003B02D3 /* YouTubeiOSPlayerHelper in Frameworks */,
			);
			runOnlyForDeploymentPostprocessing = 0;
		};
		D25DF4DC2E28EBB4004E7DE0 /* Frameworks */ = {
			isa = PBXFrameworksBuildPhase;
			buildActionMask = 2147483647;
			files = (
				D276A12B2E49A6680059A008 /* FactoryTesting in Frameworks */,
			);
			runOnlyForDeploymentPostprocessing = 0;
		};
		D25DF4E62E28EBB4004E7DE0 /* Frameworks */ = {
			isa = PBXFrameworksBuildPhase;
			buildActionMask = 2147483647;
			files = (
			);
			runOnlyForDeploymentPostprocessing = 0;
		};
/* End PBXFrameworksBuildPhase section */

/* Begin PBXGroup section */
		D25DF4C92E28EBB3004E7DE0 = {
			isa = PBXGroup;
			children = (
				D25DF4D42E28EBB3004E7DE0 /* MovieFinder */,
				D25DF4E22E28EBB4004E7DE0 /* MovieFinderTests */,
				D25DF4EC2E28EBB4004E7DE0 /* MovieFinderUITests */,
				D25DF4D32E28EBB3004E7DE0 /* Products */,
			);
			sourceTree = "<group>";
		};
		D25DF4D32E28EBB3004E7DE0 /* Products */ = {
			isa = PBXGroup;
			children = (
				D25DF4D22E28EBB3004E7DE0 /* MovieFinder.app */,
				D25DF4DF2E28EBB4004E7DE0 /* MovieFinderTests.xctest */,
				D25DF4E92E28EBB4004E7DE0 /* MovieFinderUITests.xctest */,
			);
			name = Products;
			sourceTree = "<group>";
		};
/* End PBXGroup section */

/* Begin PBXNativeTarget section */
		D25DF4D12E28EBB3004E7DE0 /* MovieFinder */ = {
			isa = PBXNativeTarget;
			buildConfigurationList = D25DF4F32E28EBB4004E7DE0 /* Build configuration list for PBXNativeTarget "MovieFinder" */;
			buildPhases = (
				D25DF4CE2E28EBB3004E7DE0 /* Sources */,
				D25DF4CF2E28EBB3004E7DE0 /* Frameworks */,
				D25DF4D02E28EBB3004E7DE0 /* Resources */,
			);
			buildRules = (
			);
			dependencies = (
			);
			fileSystemSynchronizedGroups = (
				D25DF4D42E28EBB3004E7DE0 /* MovieFinder */,
			);
			name = MovieFinder;
			packageProductDependencies = (
				D276A1262E49A6680059A008 /* Factory */,
				D276A1282E49A6680059A008 /* FactoryKit */,
				D29BC38B2EE6B58F003B02D3 /* Kingfisher */,
				D29BC3912EE7C8DA003B02D3 /* YouTubeiOSPlayerHelper */,
			);
			productName = MovieFinder;
			productReference = D25DF4D22E28EBB3004E7DE0 /* MovieFinder.app */;
			productType = "com.apple.product-type.application";
		};
		D25DF4DE2E28EBB4004E7DE0 /* MovieFinderTests */ = {
			isa = PBXNativeTarget;
			buildConfigurationList = D25DF4F62E28EBB4004E7DE0 /* Build configuration list for PBXNativeTarget "MovieFinderTests" */;
			buildPhases = (
				D25DF4DB2E28EBB4004E7DE0 /* Sources */,
				D25DF4DC2E28EBB4004E7DE0 /* Frameworks */,
				D25DF4DD2E28EBB4004E7DE0 /* Resources */,
			);
			buildRules = (
			);
			dependencies = (
				D25DF4E12E28EBB4004E7DE0 /* PBXTargetDependency */,
			);
			fileSystemSynchronizedGroups = (
				D25DF4E22E28EBB4004E7DE0 /* MovieFinderTests */,
			);
			name = MovieFinderTests;
			packageProductDependencies = (
				D276A12A2E49A6680059A008 /* FactoryTesting */,
			);
			productName = MovieFinderTests;
			productReference = D25DF4DF2E28EBB4004E7DE0 /* MovieFinderTests.xctest */;
			productType = "com.apple.product-type.bundle.unit-test";
		};
		D25DF4E82E28EBB4004E7DE0 /* MovieFinderUITests */ = {
			isa = PBXNativeTarget;
			buildConfigurationList = D25DF4F92E28EBB4004E7DE0 /* Build configuration list for PBXNativeTarget "MovieFinderUITests" */;
			buildPhases = (
				D25DF4E52E28EBB4004E7DE0 /* Sources */,
				D25DF4E62E28EBB4004E7DE0 /* Frameworks */,
				D25DF4E72E28EBB4004E7DE0 /* Resources */,
			);
			buildRules = (
			);
			dependencies = (
				D25DF4EB2E28EBB4004E7DE0 /* PBXTargetDependency */,
			);
			fileSystemSynchronizedGroups = (
				D25DF4EC2E28EBB4004E7DE0 /* MovieFinderUITests */,
			);
			name = MovieFinderUITests;
			packageProductDependencies = (
			);
			productName = MovieFinderUITests;
			productReference = D25DF4E92E28EBB4004E7DE0 /* MovieFinderUITests.xctest */;
			productType = "com.apple.product-type.bundle.ui-testing";
		};
/* End PBXNativeTarget section */

/* Begin PBXProject section */
		D25DF4CA2E28EBB3004E7DE0 /* Project object */ = {
			isa = PBXProject;
			attributes = {
				BuildIndependentTargetsInParallel = 1;
				LastSwiftUpdateCheck = 1630;
				LastUpgradeCheck = 1630;
				TargetAttributes = {
					D25DF4D12E28EBB3004E7DE0 = {
						CreatedOnToolsVersion = 16.3;
					};
					D25DF4DE2E28EBB4004E7DE0 = {
						CreatedOnToolsVersion = 16.3;
						TestTargetID = D25DF4D12E28EBB3004E7DE0;
					};
					D25DF4E82E28EBB4004E7DE0 = {
						CreatedOnToolsVersion = 16.3;
						TestTargetID = D25DF4D12E28EBB3004E7DE0;
					};
				};
			};
			buildConfigurationList = D25DF4CD2E28EBB3004E7DE0 /* Build configuration list for PBXProject "MovieFinder" */;
			developmentRegion = en;
			hasScannedForEncodings = 0;
			knownRegions = (
				en,
				Base,
			);
			mainGroup = D25DF4C92E28EBB3004E7DE0;
			minimizedProjectReferenceProxies = 1;
			packageReferences = (
				D276A1252E49A6680059A008 /* XCRemoteSwiftPackageReference "Factory" */,
				D29BC38A2EE6B58F003B02D3 /* XCRemoteSwiftPackageReference "Kingfisher" */,
				D29BC3902EE7C8DA003B02D3 /* XCRemoteSwiftPackageReference "youtube-ios-player-helper" */,
			);
			preferredProjectObjectVersion = 77;
			productRefGroup = D25DF4D32E28EBB3004E7DE0 /* Products */;
			projectDirPath = "";
			projectRoot = "";
			targets = (
				D25DF4D12E28EBB3004E7DE0 /* MovieFinder */,
				D25DF4DE2E28EBB4004E7DE0 /* MovieFinderTests */,
				D25DF4E82E28EBB4004E7DE0 /* MovieFinderUITests */,
			);
		};
/* End PBXProject section */

/* Begin PBXResourcesBuildPhase section */
		D25DF4D02E28EBB3004E7DE0 /* Resources */ = {
			isa = PBXResourcesBuildPhase;
			buildActionMask = 2147483647;
			files = (
			);
			runOnlyForDeploymentPostprocessing = 0;
		};
		D25DF4DD2E28EBB4004E7DE0 /* Resources */ = {
			isa = PBXResourcesBuildPhase;
			buildActionMask = 2147483647;
			files = (
			);
			runOnlyForDeploymentPostprocessing = 0;
		};
		D25DF4E72E28EBB4004E7DE0 /* Resources */ = {
			isa = PBXResourcesBuildPhase;
			buildActionMask = 2147483647;
			files = (
			);
			runOnlyForDeploymentPostprocessing = 0;
		};
/* End PBXResourcesBuildPhase section */

/* Begin PBXSourcesBuildPhase section */
		D25DF4CE2E28EBB3004E7DE0 /* Sources */ = {
			isa = PBXSourcesBuildPhase;
			buildActionMask = 2147483647;
			files = (
			);
			runOnlyForDeploymentPostprocessing = 0;
		};
		D25DF4DB2E28EBB4004E7DE0 /* Sources */ = {
			isa = PBXSourcesBuildPhase;
			buildActionMask = 2147483647;
			files = (
			);
			runOnlyForDeploymentPostprocessing = 0;
		};
		D25DF4E52E28EBB4004E7DE0 /* Sources */ = {
			isa = PBXSourcesBuildPhase;
			buildActionMask = 2147483647;
			files = (
			);
			runOnlyForDeploymentPostprocessing = 0;
		};
/* End PBXSourcesBuildPhase section */

/* Begin PBXTargetDependency section */
		D25DF4E12E28EBB4004E7DE0 /* PBXTargetDependency */ = {
			isa = PBXTargetDependency;
			target = D25DF4D12E28EBB3004E7DE0 /* MovieFinder */;
			targetProxy = D25DF4E02E28EBB4004E7DE0 /* PBXContainerItemProxy */;
		};
		D25DF4EB2E28EBB4004E7DE0 /* PBXTargetDependency */ = {
			isa = PBXTargetDependency;
			target = D25DF4D12E28EBB3004E7DE0 /* MovieFinder */;
			targetProxy = D25DF4EA2E28EBB4004E7DE0 /* PBXContainerItemProxy */;
		};
/* End PBXTargetDependency section */

/* Begin XCBuildConfiguration section */
		D25DF4F12E28EBB4004E7DE0 /* Debug */ = {
			isa = XCBuildConfiguration;
			baseConfigurationReferenceAnchor = D25DF4D42E28EBB3004E7DE0 /* MovieFinder */;
			baseConfigurationReferenceRelativePath = Config.xcconfig;
			buildSettings = {
				ALWAYS_SEARCH_USER_PATHS = NO;
				ASSETCATALOG_COMPILER_GENERATE_SWIFT_ASSET_SYMBOL_EXTENSIONS = YES;
				CLANG_ANALYZER_NONNULL = YES;
				CLANG_ANALYZER_NUMBER_OBJECT_CONVERSION = YES_AGGRESSIVE;
				CLANG_CXX_LANGUAGE_STANDARD = "gnu++20";
				CLANG_ENABLE_MODULES = YES;
				CLANG_ENABLE_OBJC_ARC = YES;
				CLANG_ENABLE_OBJC_WEAK = YES;
				CLANG_WARN_BLOCK_CAPTURE_AUTORELEASING = YES;
				CLANG_WARN_BOOL_CONVERSION = YES;
				CLANG_WARN_COMMA = YES;
				CLANG_WARN_CONSTANT_CONVERSION = YES;
				CLANG_WARN_DEPRECATED_OBJC_IMPLEMENTATIONS = YES;
				CLANG_WARN_DIRECT_OBJC_ISA_USAGE = YES_ERROR;
				CLANG_WARN_DOCUMENTATION_COMMENTS = YES;
				CLANG_WARN_EMPTY_BODY = YES;
				CLANG_WARN_ENUM_CONVERSION = YES;
				CLANG_WARN_INFINITE_RECURSION = YES;
				CLANG_WARN_INT_CONVERSION = YES;
				CLANG_WARN_NON_LITERAL_NULL_CONVERSION = YES;
				CLANG_WARN_OBJC_IMPLICIT_RETAIN_SELF = YES;
				CLANG_WARN_OBJC_LITERAL_CONVERSION = YES;
				CLANG_WARN_OBJC_ROOT_CLASS = YES_ERROR;
				CLANG_WARN_QUOTED_INCLUDE_IN_FRAMEWORK_HEADER = YES;
				CLANG_WARN_RANGE_LOOP_ANALYSIS = YES;
				CLANG_WARN_STRICT_PROTOTYPES = YES;
				CLANG_WARN_SUSPICIOUS_MOVE = YES;
				CLANG_WARN_UNGUARDED_AVAILABILITY = YES_AGGRESSIVE;
				CLANG_WARN_UNREACHABLE_CODE = YES;
				CLANG_WARN__DUPLICATE_METHOD_MATCH = YES;
				COPY_PHASE_STRIP = NO;
				DEBUG_INFORMATION_FORMAT = dwarf;
				ENABLE_STRICT_OBJC_MSGSEND = YES;
				ENABLE_TESTABILITY = YES;
				ENABLE_USER_SCRIPT_SANDBOXING = YES;
				GCC_C_LANGUAGE_STANDARD = gnu17;
				GCC_DYNAMIC_NO_PIC = NO;
				GCC_NO_COMMON_BLOCKS = YES;
				GCC_OPTIMIZATION_LEVEL = 0;
				GCC_PREPROCESSOR_DEFINITIONS = (
					"DEBUG=1",
					"$(inherited)",
				);
				GCC_WARN_64_TO_32_BIT_CONVERSION = YES;
				GCC_WARN_ABOUT_RETURN_TYPE = YES_ERROR;
				GCC_WARN_UNDECLARED_SELECTOR = YES;
				GCC_WARN_UNINITIALIZED_AUTOS = YES_AGGRESSIVE;
				GCC_WARN_UNUSED_FUNCTION = YES;
				GCC_WARN_UNUSED_VARIABLE = YES;
				IPHONEOS_DEPLOYMENT_TARGET = 18.4;
				LOCALIZATION_PREFERS_STRING_CATALOGS = YES;
				MTL_ENABLE_DEBUG_INFO = INCLUDE_SOURCE;
				MTL_FAST_MATH = YES;
				ONLY_ACTIVE_ARCH = YES;
				SDKROOT = iphoneos;
				SWIFT_ACTIVE_COMPILATION_CONDITIONS = "DEBUG $(inherited)";
				SWIFT_OPTIMIZATION_LEVEL = "-Onone";
			};
			name = Debug;
		};
		D25DF4F22E28EBB4004E7DE0 /* Release */ = {
			isa = XCBuildConfiguration;
			baseConfigurationReferenceAnchor = D25DF4D42E28EBB3004E7DE0 /* MovieFinder */;
			baseConfigurationReferenceRelativePath = Config.xcconfig;
			buildSettings = {
				ALWAYS_SEARCH_USER_PATHS = NO;
				ASSETCATALOG_COMPILER_GENERATE_SWIFT_ASSET_SYMBOL_EXTENSIONS = YES;
				CLANG_ANALYZER_NONNULL = YES;
				CLANG_ANALYZER_NUMBER_OBJECT_CONVERSION = YES_AGGRESSIVE;
				CLANG_CXX_LANGUAGE_STANDARD = "gnu++20";
				CLANG_ENABLE_MODULES = YES;
				CLANG_ENABLE_OBJC_ARC = YES;
				CLANG_ENABLE_OBJC_WEAK = YES;
				CLANG_WARN_BLOCK_CAPTURE_AUTORELEASING = YES;
				CLANG_WARN_BOOL_CONVERSION = YES;
				CLANG_WARN_COMMA = YES;
				CLANG_WARN_CONSTANT_CONVERSION = YES;
				CLANG_WARN_DEPRECATED_OBJC_IMPLEMENTATIONS = YES;
				CLANG_WARN_DIRECT_OBJC_ISA_USAGE = YES_ERROR;
				CLANG_WARN_DOCUMENTATION_COMMENTS = YES;
				CLANG_WARN_EMPTY_BODY = YES;
				CLANG_WARN_ENUM_CONVERSION = YES;
				CLANG_WARN_INFINITE_RECURSION = YES;
				CLANG_WARN_INT_CONVERSION = YES;
				CLANG_WARN_NON_LITERAL_NULL_CONVERSION = YES;
				CLANG_WARN_OBJC_IMPLICIT_RETAIN_SELF = YES;
				CLANG_WARN_OBJC_LITERAL_CONVERSION = YES;
				CLANG_WARN_OBJC_ROOT_CLASS = YES_ERROR;
				CLANG_WARN_QUOTED_INCLUDE_IN_FRAMEWORK_HEADER = YES;
				CLANG_WARN_RANGE_LOOP_ANALYSIS = YES;
				CLANG_WARN_STRICT_PROTOTYPES = YES;
				CLANG_WARN_SUSPICIOUS_MOVE = YES;
				CLANG_WARN_UNGUARDED_AVAILABILITY = YES_AGGRESSIVE;
				CLANG_WARN_UNREACHABLE_CODE = YES;
				CLANG_WARN__DUPLICATE_METHOD_MATCH = YES;
				COPY_PHASE_STRIP = NO;
				DEBUG_INFORMATION_FORMAT = "dwarf-with-dsym";
				ENABLE_NS_ASSERTIONS = NO;
				ENABLE_STRICT_OBJC_MSGSEND = YES;
				ENABLE_USER_SCRIPT_SANDBOXING = YES;
				GCC_C_LANGUAGE_STANDARD = gnu17;
				GCC_NO_COMMON_BLOCKS = YES;
				GCC_WARN_64_TO_32_BIT_CONVERSION = YES;
				GCC_WARN_ABOUT_RETURN_TYPE = YES_ERROR;
				GCC_WARN_UNDECLARED_SELECTOR = YES;
				GCC_WARN_UNINITIALIZED_AUTOS = YES_AGGRESSIVE;
				GCC_WARN_UNUSED_FUNCTION = YES;
				GCC_WARN_UNUSED_VARIABLE = YES;
				IPHONEOS_DEPLOYMENT_TARGET = 18.4;
				LOCALIZATION_PREFERS_STRING_CATALOGS = YES;
				MTL_ENABLE_DEBUG_INFO = NO;
				MTL_FAST_MATH = YES;
				SDKROOT = iphoneos;
				SWIFT_COMPILATION_MODE = wholemodule;
				VALIDATE_PRODUCT = YES;
			};
			name = Release;
		};
		D25DF4F42E28EBB4004E7DE0 /* Debug */ = {
			isa = XCBuildConfiguration;
			buildSettings = {
				ASSETCATALOG_COMPILER_APPICON_NAME = AppIcon;
				ASSETCATALOG_COMPILER_GLOBAL_ACCENT_COLOR_NAME = AccentColor;
				CODE_SIGN_STYLE = Automatic;
				CURRENT_PROJECT_VERSION = 1;
				DEVELOPMENT_TEAM = 3N8FADZ86V;
				ENABLE_PREVIEWS = YES;
				GENERATE_INFOPLIST_FILE = YES;
				INFOPLIST_FILE = MovieFinder/Info.plist;
				INFOPLIST_KEY_UIApplicationSceneManifest_Generation = YES;
				INFOPLIST_KEY_UIApplicationSupportsIndirectInputEvents = YES;
				INFOPLIST_KEY_UILaunchScreen_Generation = YES;
				INFOPLIST_KEY_UISupportedInterfaceOrientations_iPad = "UIInterfaceOrientationPortrait UIInterfaceOrientationPortraitUpsideDown UIInterfaceOrientationLandscapeLeft UIInterfaceOrientationLandscapeRight";
				INFOPLIST_KEY_UISupportedInterfaceOrientations_iPhone = "UIInterfaceOrientationPortrait UIInterfaceOrientationLandscapeLeft UIInterfaceOrientationLandscapeRight";
				LD_RUNPATH_SEARCH_PATHS = (
					"$(inherited)",
					"@executable_path/Frameworks",
				);
				MARKETING_VERSION = 1.0;
				PRODUCT_BUNDLE_IDENTIFIER = siravit.MovieFinder;
				PRODUCT_NAME = "$(TARGET_NAME)";
				SWIFT_EMIT_LOC_STRINGS = YES;
				SWIFT_VERSION = 5.0;
				TARGETED_DEVICE_FAMILY = "1,2";
			};
			name = Debug;
		};
		D25DF4F52E28EBB4004E7DE0 /* Release */ = {
			isa = XCBuildConfiguration;
			buildSettings = {
				ASSETCATALOG_COMPILER_APPICON_NAME = AppIcon;
				ASSETCATALOG_COMPILER_GLOBAL_ACCENT_COLOR_NAME = AccentColor;
				CODE_SIGN_STYLE = Automatic;
				CURRENT_PROJECT_VERSION = 1;
				DEVELOPMENT_TEAM = 3N8FADZ86V;
				ENABLE_PREVIEWS = YES;
				GENERATE_INFOPLIST_FILE = YES;
				INFOPLIST_FILE = MovieFinder/Info.plist;
				INFOPLIST_KEY_UIApplicationSceneManifest_Generation = YES;
				INFOPLIST_KEY_UIApplicationSupportsIndirectInputEvents = YES;
				INFOPLIST_KEY_UILaunchScreen_Generation = YES;
				INFOPLIST_KEY_UISupportedInterfaceOrientations_iPad = "UIInterfaceOrientationPortrait UIInterfaceOrientationPortraitUpsideDown UIInterfaceOrientationLandscapeLeft UIInterfaceOrientationLandscapeRight";
				INFOPLIST_KEY_UISupportedInterfaceOrientations_iPhone = "UIInterfaceOrientationPortrait UIInterfaceOrientationLandscapeLeft UIInterfaceOrientationLandscapeRight";
				LD_RUNPATH_SEARCH_PATHS = (
					"$(inherited)",
					"@executable_path/Frameworks",
				);
				MARKETING_VERSION = 1.0;
				PRODUCT_BUNDLE_IDENTIFIER = siravit.MovieFinder;
				PRODUCT_NAME = "$(TARGET_NAME)";
				SWIFT_EMIT_LOC_STRINGS = YES;
				SWIFT_VERSION = 5.0;
				TARGETED_DEVICE_FAMILY = "1,2";
			};
			name = Release;
		};
		D25DF4F72E28EBB4004E7DE0 /* Debug */ = {
			isa = XCBuildConfiguration;
			buildSettings = {
				BUNDLE_LOADER = "$(TEST_HOST)";
				CODE_SIGN_STYLE = Automatic;
				CURRENT_PROJECT_VERSION = 1;
				GENERATE_INFOPLIST_FILE = YES;
				IPHONEOS_DEPLOYMENT_TARGET = 18.4;
				MARKETING_VERSION = 1.0;
				PRODUCT_BUNDLE_IDENTIFIER = siravit.MovieFinderTests;
				PRODUCT_NAME = "$(TARGET_NAME)";
				SWIFT_EMIT_LOC_STRINGS = NO;
				SWIFT_VERSION = 5.0;
				TARGETED_DEVICE_FAMILY = "1,2";
				TEST_HOST = "$(BUILT_PRODUCTS_DIR)/MovieFinder.app/$(BUNDLE_EXECUTABLE_FOLDER_PATH)/MovieFinder";
			};
			name = Debug;
		};
		D25DF4F82E28EBB4004E7DE0 /* Release */ = {
			isa = XCBuildConfiguration;
			buildSettings = {
				BUNDLE_LOADER = "$(TEST_HOST)";
				CODE_SIGN_STYLE = Automatic;
				CURRENT_PROJECT_VERSION = 1;
				GENERATE_INFOPLIST_FILE = YES;
				IPHONEOS_DEPLOYMENT_TARGET = 18.4;
				MARKETING_VERSION = 1.0;
				PRODUCT_BUNDLE_IDENTIFIER = siravit.MovieFinderTests;
				PRODUCT_NAME = "$(TARGET_NAME)";
				SWIFT_EMIT_LOC_STRINGS = NO;
				SWIFT_VERSION = 5.0;
				TARGETED_DEVICE_FAMILY = "1,2";
				TEST_HOST = "$(BUILT_PRODUCTS_DIR)/MovieFinder.app/$(BUNDLE_EXECUTABLE_FOLDER_PATH)/MovieFinder";
			};
			name = Release;
		};
		D25DF4FA2E28EBB4004E7DE0 /* Debug */ = {
			isa = XCBuildConfiguration;
			buildSettings = {
				CODE_SIGN_STYLE = Automatic;
				CURRENT_PROJECT_VERSION = 1;
				GENERATE_INFOPLIST_FILE = YES;
				MARKETING_VERSION = 1.0;
				PRODUCT_BUNDLE_IDENTIFIER = siravit.MovieFinderUITests;
				PRODUCT_NAME = "$(TARGET_NAME)";
				SWIFT_EMIT_LOC_STRINGS = NO;
				SWIFT_VERSION = 5.0;
				TARGETED_DEVICE_FAMILY = "1,2";
				TEST_TARGET_NAME = MovieFinder;
			};
			name = Debug;
		};
		D25DF4FB2E28EBB4004E7DE0 /* Release */ = {
			isa = XCBuildConfiguration;
			buildSettings = {
				CODE_SIGN_STYLE = Automatic;
				CURRENT_PROJECT_VERSION = 1;
				GENERATE_INFOPLIST_FILE = YES;
				MARKETING_VERSION = 1.0;
				PRODUCT_BUNDLE_IDENTIFIER = siravit.MovieFinderUITests;
				PRODUCT_NAME = "$(TARGET_NAME)";
				SWIFT_EMIT_LOC_STRINGS = NO;
				SWIFT_VERSION = 5.0;
				TARGETED_DEVICE_FAMILY = "1,2";
				TEST_TARGET_NAME = MovieFinder;
			};
			name = Release;
		};
/* End XCBuildConfiguration section */

/* Begin XCConfigurationList section */
		D25DF4CD2E28EBB3004E7DE0 /* Build configuration list for PBXProject "MovieFinder" */ = {
			isa = XCConfigurationList;
			buildConfigurations = (
				D25DF4F12E28EBB4004E7DE0 /* Debug */,
				D25DF4F22E28EBB4004E7DE0 /* Release */,
			);
			defaultConfigurationIsVisible = 0;
			defaultConfigurationName = Release;
		};
		D25DF4F32E28EBB4004E7DE0 /* Build configuration list for PBXNativeTarget "MovieFinder" */ = {
			isa = XCConfigurationList;
			buildConfigurations = (
				D25DF4F42E28EBB4004E7DE0 /* Debug */,
				D25DF4F52E28EBB4004E7DE0 /* Release */,
			);
			defaultConfigurationIsVisible = 0;
			defaultConfigurationName = Release;
		};
		D25DF4F62E28EBB4004E7DE0 /* Build configuration list for PBXNativeTarget "MovieFinderTests" */ = {
			isa = XCConfigurationList;
			buildConfigurations = (
				D25DF4F72E28EBB4004E7DE0 /* Debug */,
				D25DF4F82E28EBB4004E7DE0 /* Release */,
			);
			defaultConfigurationIsVisible = 0;
			defaultConfigurationName = Release;
		};
		D25DF4F92E28EBB4004E7DE0 /* Build configuration list for PBXNativeTarget "MovieFinderUITests" */ = {
			isa = XCConfigurationList;
			buildConfigurations = (
				D25DF4FA2E28EBB4004E7DE0 /* Debug */,
				D25DF4FB2E28EBB4004E7DE0 /* Release */,
			);
			defaultConfigurationIsVisible = 0;
			defaultConfigurationName = Release;
		};
/* End XCConfigurationList section */

/* Begin XCRemoteSwiftPackageReference section */
		D276A1252E49A6680059A008 /* XCRemoteSwiftPackageReference "Factory" */ = {
			isa = XCRemoteSwiftPackageReference;
			repositoryURL = "https://github.com/hmlongco/Factory";
			requirement = {
				kind = upToNextMajorVersion;
				minimumVersion = 2.5.3;
			};
		};
		D29BC38A2EE6B58F003B02D3 /* XCRemoteSwiftPackageReference "Kingfisher" */ = {
			isa = XCRemoteSwiftPackageReference;
			repositoryURL = "https://github.com/onevcat/Kingfisher.git";
			requirement = {
				kind = upToNextMajorVersion;
				minimumVersion = 8.6.2;
			};
		};
		D29BC3902EE7C8DA003B02D3 /* XCRemoteSwiftPackageReference "youtube-ios-player-helper" */ = {
			isa = XCRemoteSwiftPackageReference;
			repositoryURL = "https://github.com/youtube/youtube-ios-player-helper.git";
			requirement = {
				kind = upToNextMajorVersion;
				minimumVersion = 1.0.4;
			};
		};
/* End XCRemoteSwiftPackageReference section */

/* Begin XCSwiftPackageProductDependency section */
		D276A1262E49A6680059A008 /* Factory */ = {
			isa = XCSwiftPackageProductDependency;
			package = D276A1252E49A6680059A008 /* XCRemoteSwiftPackageReference "Factory" */;
			productName = Factory;
		};
		D276A1282E49A6680059A008 /* FactoryKit */ = {
			isa = XCSwiftPackageProductDependency;
			package = D276A1252E49A6680059A008 /* XCRemoteSwiftPackageReference "Factory" */;
			productName = FactoryKit;
		};
		D276A12A2E49A6680059A008 /* FactoryTesting */ = {
			isa = XCSwiftPackageProductDependency;
			package = D276A1252E49A6680059A008 /* XCRemoteSwiftPackageReference "Factory" */;
			productName = FactoryTesting;
		};
		D29BC38B2EE6B58F003B02D3 /* Kingfisher */ = {
			isa = XCSwiftPackageProductDependency;
			package = D29BC38A2EE6B58F003B02D3 /* XCRemoteSwiftPackageReference "Kingfisher" */;
			productName = Kingfisher;
		};
		D29BC3912EE7C8DA003B02D3 /* YouTubeiOSPlayerHelper */ = {
			isa = XCSwiftPackageProductDependency;
			package = D29BC3902EE7C8DA003B02D3 /* XCRemoteSwiftPackageReference "youtube-ios-player-helper" */;
			productName = YouTubeiOSPlayerHelper;
		};
/* End XCSwiftPackageProductDependency section */
	};
	rootObject = D25DF4CA2E28EBB3004E7DE0 /* Project object */;
}
